
Microsoft Visual Studio Solution File, Format Version 12.00
# Visual Studio Version 17
VisualStudioVersion = 17.7.34031.279
MinimumVisualStudioVersion = 10.0.40219.1
Project("{FAE04EC0-301F-11D3-BF4B-00C04F79EFBC}") = "MVC_ActionResult", "MVC_ActionResult.csproj", "{98307F4D-7C40-4889-9AB0-9F333A8A4758}"
EndProject
Global
	GlobalSection(SolutionConfigurationPlatforms) = preSolution
		Debug|Any CPU = Debug|Any CPU
		Release|Any CPU = Release|Any CPU
	EndGlobalSection
	GlobalSection(ProjectConfigurationPlatforms) = postSolution
		{98307F4D-7C40-4889-9AB0-9F333A8A4758}.Debug|Any CPU.ActiveCfg = Debug|Any CPU
		{98307F4D-7C40-4889-9AB0-9F333A8A4758}.Debug|Any CPU.Build.0 = Debug|Any CPU
		{98307F4D-7C40-4889-9AB0-9F333A8A4758}.Release|Any CPU.ActiveCfg = Release|Any CPU
		{98307F4D-7C40-4889-9AB0-9F333A8A4758}.Release|Any CPU.Build.0 = Release|Any CPU
	EndGlobalSection
	GlobalSection(SolutionProperties) = preSolution
		HideSolutionNode = FALSE
	EndGlobalSection
	GlobalSection(ExtensibilityGlobals) = postSolution
		SolutionGuid = {AAAB6152-5215-43B7-A3FD-677E0EC4DAA9}
	EndGlobalSection
EndGlobal
